// !$*UTF8*$!
{
	archiveVersion = 1;
	classes = {
	};
	objectVersion = 50;
	objects = {

/* Begin PBXBuildFile section */
		A713E1E1263440EE0087EF59 /* AppDelegate.swift in Sources */ = {isa = PBXBuildFile; fileRef = A713E1E0263440EE0087EF59 /* AppDelegate.swift */; };
		A713E1E3263440EE0087EF59 /* SceneDelegate.swift in Sources */ = {isa = PBXBuildFile; fileRef = A713E1E2263440EE0087EF59 /* SceneDelegate.swift */; };
		A713E1E5263440EE0087EF59 /* ViewController.swift in Sources */ = {isa = PBXBuildFile; fileRef = A713E1E4263440EE0087EF59 /* ViewController.swift */; };
		A713E1E8263440EE0087EF59 /* Main.storyboard in Resources */ = {isa = PBXBuildFile; fileRef = A713E1E6263440EE0087EF59 /* Main.storyboard */; };
		A713E1EA263440EF0087EF59 /* Assets.xcassets in Resources */ = {isa = PBXBuildFile; fileRef = A713E1E9263440EF0087EF59 /* Assets.xcassets */; };
		A713E1ED263440EF0087EF59 /* LaunchScreen.storyboard in Resources */ = {isa = PBXBuildFile; fileRef = A713E1EB263440EF0087EF59 /* LaunchScreen.storyboard */; };
/* End PBXBuildFile section */

/* Begin PBXFileReference section */
		A713E1DD263440EE0087EF59 /* open.app */ = {isa = PBXFileReference; explicitFileType = wrapper.application; includeInIndex = 0; path = open.app; sourceTree = BUILT_PRODUCTS_DIR; };
		A713E1E0263440EE0087EF59 /* AppDelegate.swift */ = {isa = PBXFileReference; lastKnownFileType = sourcecode.swift; path = AppDelegate.swift; sourceTree = "<group>"; };
		A713E1E2263440EE0087EF59 /* SceneDelegate.swift */ = {isa = PBXFileReference; lastKnownFileType = sourcecode.swift; path = SceneDelegate.swift; sourceTree = "<group>"; };
		A713E1E4263440EE0087EF59 /* ViewController.swift */ = {isa = PBXFileReference; lastKnownFileType = sourcecode.swift; path = ViewController.swift; sourceTree = "<group>"; };
		A713E1E7263440EE0087EF59 /* Base */ = {isa = PBXFileReference; lastKnownFileType = file.storyboard; name = Base; path = Base.lproj/Main.storyboard; sourceTree = "<group>"; };
		A713E1E9263440EF0087EF59 /* Assets.xcassets */ = {isa = PBXFileReference; lastKnownFileType = folder.assetcatalog; path = Assets.xcassets; sourceTree = "<group>"; };
		A713E1EC263440EF0087EF59 /* Base */ = {isa = PBXFileReference; lastKnownFileType = file.storyboard; name = Base; path = Base.lproj/LaunchScreen.storyboard; sourceTree = "<group>"; };
		A713E1EE263440EF0087EF59 /* Info.plist */ = {isa = PBXFileReference; lastKnownFileType = text.plist.xml; path = Info.plist; sourceTree = "<group>"; };
/* End PBXFileReference section */

/* Begin PBXFrameworksBuildPhase section */
		A713E1DA263440EE0087EF59 /* Frameworks */ = {
			isa = PBXFrameworksBuildPhase;
			buildActionMask = 2147483647;
			files = (
			);
			runOnlyForDeploymentPostprocessing = 0;
		};
/* End PBXFrameworksBuildPhase section */

/* Begin PBXGroup section */
		A713E1D4263440EE0087EF59 = {
			isa = PBXGroup;
			children = (
				A713E1DF263440EE0087EF59 /* open */,
				A713E1DE263440EE0087EF59 /* Products */,
			);
			sourceTree = "<group>";
		};
		A713E1DE263440EE0087EF59 /* Products */ = {
			isa = PBXGroup;
			children = (
				A713E1DD263440EE0087EF59 /* open.app */,
			);
			name = Products;
			sourceTree = "<group>";
		};
		A713E1DF263440EE0087EF59 /* open */ = {
			isa = PBXGroup;
			children = (
				A713E1E0263440EE0087EF59 /* AppDelegate.swift */,
				A713E1E2263440EE0087EF59 /* SceneDelegate.swift */,
				A713E1E4263440EE0087EF59 /* ViewController.swift */,
				A713E1E6263440EE0087EF59 /* Main.storyboard */,
				A713E1E9263440EF0087EF59 /* Assets.xcassets */,
				A713E1EB263440EF0087EF59 /* LaunchScreen.storyboard */,
				A713E1EE263440EF0087EF59 /* Info.plist */,
			);
			path = open;
			sourceTree = "<group>";
		};
/* End PBXGroup section */

/* Begin PBXNativeTarget section */
		A713E1DC263440EE0087EF59 /* open */ = {
			isa = PBXNativeTarget;
			buildConfigurationList = A713E1F1263440EF0087EF59 /* Build configuration list for PBXNativeTarget "open" */;
			buildPhases = (
				A713E1D9263440EE0087EF59 /* Sources */,
				A713E1DA263440EE0087EF59 /* Frameworks */,
				A713E1DB263440EE0087EF59 /* Resources */,
			);
			buildRules = (
			);
			dependencies = (
			);
			name = open;
			productName = open;
			productReference = A713E1DD263440EE0087EF59 /* open.app */;
			productType = "com.apple.product-type.application";
		};
/* End PBXNativeTarget section */

/* Begin PBXProject section */
		A713E1D5263440EE0087EF59 /* Project object */ = {
			isa = PBXProject;
			attributes = {
				LastSwiftUpdateCheck = 1250;
				LastUpgradeCheck = 1250;
				TargetAttributes = {
					A713E1DC263440EE0087EF59 = {
						CreatedOnToolsVersion = 12.5;
					};
				};
			};
			buildConfigurationList = A713E1D8263440EE0087EF59 /* Build configuration list for PBXProject "open" */;
			compatibilityVersion = "Xcode 9.3";
			developmentRegion = en;
			hasScannedForEncodings = 0;
			knownRegions = (
				en,
				Base,
			);
			mainGroup = A713E1D4263440EE0087EF59;
			productRefGroup = A713E1DE263440EE0087EF59 /* Products */;
			projectDirPath = "";
			projectRoot = "";
			targets = (
				A713E1DC263440EE0087EF59 /* open */,
			);
		};
/* End PBXProject section */

/* Begin PBXResourcesBuildPhase section */
		A713E1DB263440EE0087EF59 /* Resources */ = {
			isa = PBXResourcesBuildPhase;
			buildActionMask = 2147483647;
			files = (
				A713E1ED263440EF0087EF59 /* LaunchScreen.storyboard in Resources */,
				A713E1EA263440EF0087EF59 /* Assets.xcassets in Resources */,
				A713E1E8263440EE0087EF59 /* Main.storyboard in Resources */,
			);
			runOnlyForDeploymentPostprocessing = 0;
		};
/* End PBXResourcesBuildPhase section */

/* Begin PBXSourcesBuildPhase section */
		A713E1D9263440EE0087EF59 /* Sources */ = {
			isa = PBXSourcesBuildPhase;
			buildActionMask = 2147483647;
			files = (
				A713E1E5263440EE0087EF59 /* ViewController.swift in Sources */,
				A713E1E1263440EE0087EF59 /* AppDelegate.swift in Sources */,
				A713E1E3263440EE0087EF59 /* SceneDelegate.swift in Sources */,
			);
			runOnlyForDeploymentPostprocessing = 0;
		};
/* End PBXSourcesBuildPhase section */

/* Begin PBXVariantGroup section */
		A713E1E6263440EE0087EF59 /* Main.storyboard */ = {
			isa = PBXVariantGroup;
			children = (
				A713E1E7263440EE0087EF59 /* Base */,
			);
			name = Main.storyboard;
			sourceTree = "<group>";
		};
		A713E1EB263440EF0087EF59 /* LaunchScreen.storyboard */ = {
			isa = PBXVariantGroup;
			children = (
				A713E1EC263440EF0087EF59 /* Base */,
			);
			name = LaunchScreen.storyboard;
			sourceTree = "<group>";
		};
/* End PBXVariantGroup section */

/* Begin XCBuildConfiguration section */
		A713E1EF263440EF0087EF59 /* Debug */ = {
			isa = XCBuildConfiguration;
			buildSettings = {
				ALWAYS_SEARCH_USER_PATHS = NO;
				CLANG_ANALYZER_NONNULL = YES;
				CLANG_ANALYZER_NUMBER_OBJECT_CONVERSION = YES_AGGRESSIVE;
				CLANG_CXX_LANGUAGE_STANDARD = "gnu++14";
				CLANG_CXX_LIBRARY = "libc++";
				CLANG_ENABLE_MODULES = YES;
				CLANG_ENABLE_OBJC_ARC = YES;
				CLANG_ENABLE_OBJC_WEAK = YES;
				CLANG_WARN_BLOCK_CAPTURE_AUTORELEASING = YES;
				CLANG_WARN_BOOL_CONVERSION = YES;
				CLANG_WARN_COMMA = YES;
				CLANG_WARN_CONSTANT_CONVERSION = YES;
				CLANG_WARN_DEPRECATED_OBJC_IMPLEMENTATIONS = YES;
				CLANG_WARN_DIRECT_OBJC_ISA_USAGE = YES_ERROR;
				CLANG_WARN_DOCUMENTATION_COMMENTS = YES;
				CLANG_WARN_EMPTY_BODY = YES;
				CLANG_WARN_ENUM_CONVERSION = YES;
				CLANG_WARN_INFINITE_RECURSION = YES;
				CLANG_WARN_INT_CONVERSION = YES;
				CLANG_WARN_NON_LITERAL_NULL_CONVERSION = YES;
				CLANG_WARN_OBJC_IMPLICIT_RETAIN_SELF = YES;
				CLANG_WARN_OBJC_LITERAL_CONVERSION = YES;
				CLANG_WARN_OBJC_ROOT_CLASS = YES_ERROR;
				CLANG_WARN_QUOTED_INCLUDE_IN_FRAMEWORK_HEADER = YES;
				CLANG_WARN_RANGE_LOOP_ANALYSIS = YES;
				CLANG_WARN_STRICT_PROTOTYPES = YES;
				CLANG_WARN_SUSPICIOUS_MOVE = YES;
				CLANG_WARN_UNGUARDED_AVAILABILITY = YES_AGGRESSIVE;
				CLANG_WARN_UNREACHABLE_CODE = YES;
				CLANG_WARN__DUPLICATE_METHOD_MATCH = YES;
				COPY_PHASE_STRIP = NO;
				DEBUG_INFORMATION_FORMAT = dwarf;
				ENABLE_STRICT_OBJC_MSGSEND = YES;
				ENABLE_TESTABILITY = YES;
				GCC_C_LANGUAGE_STANDARD = gnu11;
				GCC_DYNAMIC_NO_PIC = NO;
				GCC_NO_COMMON_BLOCKS = YES;
				GCC_OPTIMIZATION_LEVEL = 0;
				GCC_PREPROCESSOR_DEFINITIONS = (
					"DEBUG=1",
					"$(inherited)",
				);
				GCC_WARN_64_TO_32_BIT_CONVERSION = YES;
				GCC_WARN_ABOUT_RETURN_TYPE = YES_ERROR;
				GCC_WARN_UNDECLARED_SELECTOR = YES;
				GCC_WARN_UNINITIALIZED_AUTOS = YES_AGGRESSIVE;
				GCC_WARN_UNUSED_FUNCTION = YES;
				GCC_WARN_UNUSED_VARIABLE = YES;
				IPHONEOS_DEPLOYMENT_TARGET = 14.5;
				MTL_ENABLE_DEBUG_INFO = INCLUDE_SOURCE;
				MTL_FAST_MATH = YES;
				ONLY_ACTIVE_ARCH = YES;
				SDKROOT = iphoneos;
				SWIFT_ACTIVE_COMPILATION_CONDITIONS = DEBUG;
				SWIFT_OPTIMIZATION_LEVEL = "-Onone";
			};
			name = Debug;
		};
		A713E1F0263440EF0087EF59 /* Release */ = {
			isa = XCBuildConfiguration;
			buildSettings = {
				ALWAYS_SEARCH_USER_PATHS = NO;
				CLANG_ANALYZER_NONNULL = YES;
				CLANG_ANALYZER_NUMBER_OBJECT_CONVERSION = YES_AGGRESSIVE;
				CLANG_CXX_LANGUAGE_STANDARD = "gnu++14";
				CLANG_CXX_LIBRARY = "libc++";
				CLANG_ENABLE_MODULES = YES;
				CLANG_ENABLE_OBJC_ARC = YES;
				CLANG_ENABLE_OBJC_WEAK = YES;
				CLANG_WARN_BLOCK_CAPTURE_AUTORELEASING = YES;
				CLANG_WARN_BOOL_CONVERSION = YES;
				CLANG_WARN_COMMA = YES;
				CLANG_WARN_CONSTANT_CONVERSION = YES;
				CLANG_WARN_DEPRECATED_OBJC_IMPLEMENTATIONS = YES;
				CLANG_WARN_DIRECT_OBJC_ISA_USAGE = YES_ERROR;
				CLANG_WARN_DOCUMENTATION_COMMENTS = YES;
				CLANG_WARN_EMPTY_BODY = YES;
				CLANG_WARN_ENUM_CONVERSION = YES;
				CLANG_WARN_INFINITE_RECURSION = YES;
				CLANG_WARN_INT_CONVERSION = YES;
				CLANG_WARN_NON_LITERAL_NULL_CONVERSION = YES;
				CLANG_WARN_OBJC_IMPLICIT_RETAIN_SELF = YES;
				CLANG_WARN_OBJC_LITERAL_CONVERSION = YES;
				CLANG_WARN_OBJC_ROOT_CLASS = YES_ERROR;
				CLANG_WARN_QUOTED_INCLUDE_IN_FRAMEWORK_HEADER = YES;
				CLANG_WARN_RANGE_LOOP_ANALYSIS = YES;
				CLANG_WARN_STRICT_PROTOTYPES = YES;
				CLANG_WARN_SUSPICIOUS_MOVE = YES;
				CLANG_WARN_UNGUARDED_AVAILABILITY = YES_AGGRESSIVE;
				CLANG_WARN_UNREACHABLE_CODE = YES;
				CLANG_WARN__DUPLICATE_METHOD_MATCH = YES;
				COPY_PHASE_STRIP = NO;
				DEBUG_INFORMATION_FORMAT = "dwarf-with-dsym";
				ENABLE_NS_ASSERTIONS = NO;
				ENABLE_STRICT_OBJC_MSGSEND = YES;
				GCC_C_LANGUAGE_STANDARD = gnu11;
				GCC_NO_COMMON_BLOCKS = YES;
				GCC_WARN_64_TO_32_BIT_CONVERSION = YES;
				GCC_WARN_ABOUT_RETURN_TYPE = YES_ERROR;
				GCC_WARN_UNDECLARED_SELECTOR = YES;
				GCC_WARN_UNINITIALIZED_AUTOS = YES_AGGRESSIVE;
				GCC_WARN_UNUSED_FUNCTION = YES;
				GCC_WARN_UNUSED_VARIABLE = YES;
				IPHONEOS_DEPLOYMENT_TARGET = 14.5;
				MTL_ENABLE_DEBUG_INFO = NO;
				MTL_FAST_MATH = YES;
				SDKROOT = iphoneos;
				SWIFT_COMPILATION_MODE = wholemodule;
				SWIFT_OPTIMIZATION_LEVEL = "-O";
				VALIDATE_PRODUCT = YES;
			};
			name = Release;
		};
		A713E1F2263440EF0087EF59 /* Debug */ = {
			isa = XCBuildConfiguration;
			buildSettings = {
				ASSETCATALOG_COMPILER_APPICON_NAME = AppIcon;
				ASSETCATALOG_COMPILER_GLOBAL_ACCENT_COLOR_NAME = AccentColor;
				CODE_SIGN_STYLE = Automatic;
				DEVELOPMENT_TEAM = WA34G25776;
				INFOPLIST_FILE = open/Info.plist;
				LD_RUNPATH_SEARCH_PATHS = (
					"$(inherited)",
					"@executable_path/Frameworks",
				);
				PRODUCT_BUNDLE_IDENTIFIER = jhen.open;
				PRODUCT_NAME = "$(TARGET_NAME)";
				SWIFT_VERSION = 5.0;
				TARGETED_DEVICE_FAMILY = "1,2";
			};
			name = Debug;
		};
		A713E1F3263440EF0087EF59 /* Release */ = {
			isa = XCBuildConfiguration;
			buildSettings = {
				ASSETCATALOG_COMPILER_APPICON_NAME = AppIcon;
				ASSETCATALOG_COMPILER_GLOBAL_ACCENT_COLOR_NAME = AccentColor;
				CODE_SIGN_STYLE = Automatic;
				DEVELOPMENT_TEAM = WA34G25776;
				INFOPLIST_FILE = open/Info.plist;
				LD_RUNPATH_SEARCH_PATHS = (
					"$(inherited)",
					"@executable_path/Frameworks",
				);
				PRODUCT_BUNDLE_IDENTIFIER = jhen.open;
				PRODUCT_NAME = "$(TARGET_NAME)";
				SWIFT_VERSION = 5.0;
				TARGETED_DEVICE_FAMILY = "1,2";
			};
			name = Release;
		};
/* End XCBuildConfiguration section */

/* Begin XCConfigurationList section */
		A713E1D8263440EE0087EF59 /* Build configuration list for PBXProject "open" */ = {
			isa = XCConfigurationList;
			buildConfigurations = (
				A713E1EF263440EF0087EF59 /* Debug */,
				A713E1F0263440EF0087EF59 /* Release */,
			);
			defaultConfigurationIsVisible = 0;
			defaultConfigurationName = Release;
		};
		A713E1F1263440EF0087EF59 /* Build configuration list for PBXNativeTarget "open" */ = {
			isa = XCConfigurationList;
			buildConfigurations = (
				A713E1F2263440EF0087EF59 /* Debug */,
				A713E1F3263440EF0087EF59 /* Release */,
			);
			defaultConfigurationIsVisible = 0;
			defaultConfigurationName = Release;
		};
/* End XCConfigurationList section */
	};
	rootObject = A713E1D5263440EE0087EF59 /* Project object */;
}
